<?xml version="1.0" encoding="utf-8"?>
<Project ToolsVersion="4.0" xmlns="http://schemas.microsoft.com/developer/msbuild/2003">
  <ItemGroup>
    <FxCompile Include="DeferredLightVS.hlsl">
      <Filter>Shaders</Filter>
    </FxCompile>
    <FxCompile Include="DeferredPointLightPS.hlsl">
      <Filter>Shaders</Filter>
    </FxCompile>
    <FxCompile Include="DefferedLighting.hlsl">
      <Filter>Shaders</Filter>
    </FxCompile>
    <FxCompile Include="DefferedPixelShader.hlsl">
      <Filter>Shaders</Filter>
    </FxCompile>
    <FxCompile Include="DefferedPixelShader_NormalMap.hlsl">
      <Filter>Shaders</Filter>
    </FxCompile>
    <FxCompile Include="DownsamplerPS.hlsl">
      <Filter>Shaders</Filter>
    </FxCompile>
    <FxCompile Include="HorizontalBlurPixelShader.hlsl">
      <Filter>Shaders</Filter>
    </FxCompile>
    <FxCompile Include="particleDefferedPS.hlsl">
      <Filter>Shaders</Filter>
    </FxCompile>
    <FxCompile Include="ParticleDrawArgsCS.hlsl">
      <Filter>Shaders</Filter>
    </FxCompile>
    <FxCompile Include="ParticleEmitCS.hlsl">
      <Filter>Shaders</Filter>
    </FxCompile>
    <FxCompile Include="particleForwardPS.hlsl">
      <Filter>Shaders</Filter>
    </FxCompile>
    <FxCompile Include="ParticleInitCS.hlsl">
      <Filter>Shaders</Filter>
    </FxCompile>
    <FxCompile Include="ParticleSortCS.hlsl">
      <Filter>Shaders</Filter>
    </FxCompile>
    <FxCompile Include="ParticleUpdateCS.hlsl">
      <Filter>Shaders</Filter>
    </FxCompile>
    <FxCompile Include="ParticleVS.hlsl">
      <Filter>Shaders</Filter>
    </FxCompile>
    <FxCompile Include="PixelShader_Specular.hlsl">
      <Filter>Shaders</Filter>
    </FxCompile>
    <FxCompile Include="PostProcessPixelShader.hlsl">
      <Filter>Shaders</Filter>
    </FxCompile>
    <FxCompile Include="PixelShader.hlsl">
      <Filter>Shaders</Filter>
    </FxCompile>
    <FxCompile Include="SkyPS.hlsl">
      <Filter>Shaders</Filter>
    </FxCompile>
    <FxCompile Include="SkyVS.hlsl">
      <Filter>Shaders</Filter>
    </FxCompile>
    <FxCompile Include="Texture2BufferVertexShader.hlsl">
      <Filter>Shaders</Filter>
    </FxCompile>
    <FxCompile Include="UpsamplePS.hlsl">
      <Filter>Shaders</Filter>
    </FxCompile>
    <FxCompile Include="VertexShader.hlsl">
      <Filter>Shaders</Filter>
    </FxCompile>
    <FxCompile Include="VerticalBlurPixelShader.hlsl">
      <Filter>Shaders</Filter>
    </FxCompile>
    <FxCompile Include="VolumetricLightingPixelShader.hlsl">
      <Filter>Shaders</Filter>
    </FxCompile>
    <FxCompile Include="DeferredDirectionalLightPS.hlsl">
      <Filter>Shaders</Filter>
    </FxCompile>
    <FxCompile Include="PrePostProcessPS.hlsl">
      <Filter>Shaders</Filter>
    </FxCompile>
    <FxCompile Include="ParallaxVS.hlsl">
      <Filter>Shaders</Filter>
    </FxCompile>
    <FxCompile Include="ParallaxPS.hlsl">
      <Filter>Shaders</Filter>
    </FxCompile>
    <FxCompile Include="EnemyVS.hlsl">
      <Filter>Shaders</Filter>
    </FxCompile>
  </ItemGroup>
  <ItemGroup>
    <ClCompile Include="Entity.cpp">
      <Filter>Entities</Filter>
    </ClCompile>
    <ClCompile Include="EntityEnemy.cpp">
      <Filter>Entities</Filter>
    </ClCompile>
    <ClCompile Include="EntityFactory.cpp">
      <Filter>Entities</Filter>
    </ClCompile>
    <ClCompile Include="EntityManagerProjectile.cpp">
      <Filter>Entities</Filter>
    </ClCompile>
    <ClCompile Include="EntityPlayer.cpp">
      <Filter>Entities</Filter>
    </ClCompile>
    <ClCompile Include="EntityProjectile.cpp">
      <Filter>Entities</Filter>
    </ClCompile>
    <ClCompile Include="EntityStatic.cpp">
      <Filter>Entities</Filter>
    </ClCompile>
    <ClCompile Include="Scene.cpp">
      <Filter>Scenes</Filter>
    </ClCompile>
    <ClCompile Include="SceneGame.cpp">
      <Filter>Scenes</Filter>
    </ClCompile>
    <ClCompile Include="SceneMenu.cpp">
      <Filter>Scenes</Filter>
    </ClCompile>
    <ClCompile Include="SkyRenderer.cpp">
      <Filter>Renderers</Filter>
    </ClCompile>
    <ClCompile Include="Renderer.cpp">
      <Filter>Renderers</Filter>
    </ClCompile>
    <ClCompile Include="ParticleRenderer.cpp">
      <Filter>Renderers</Filter>
    </ClCompile>
    <ClCompile Include="Camera.cpp">
      <Filter>Source Files</Filter>
    </ClCompile>
    <ClCompile Include="CameraDebug.cpp">
      <Filter>Source Files</Filter>
    </ClCompile>
    <ClCompile Include="CameraGame.cpp">
      <Filter>Source Files</Filter>
    </ClCompile>
    <ClCompile Include="Collider.cpp">
      <Filter>Source Files</Filter>
    </ClCompile>
    <ClCompile Include="CollisionManager.cpp">
      <Filter>Source Files</Filter>
    </ClCompile>
    <ClCompile Include="DXWindow.cpp">
      <Filter>Source Files</Filter>
    </ClCompile>
    <ClCompile Include="Game.cpp">
      <Filter>Source Files</Filter>
    </ClCompile>
    <ClCompile Include="Main.cpp">
      <Filter>Source Files</Filter>
    </ClCompile>
    <ClCompile Include="Material.cpp">
      <Filter>Source Files</Filter>
    </ClCompile>
    <ClCompile Include="Mesh.cpp">
      <Filter>Source Files</Filter>
    </ClCompile>
    <ClCompile Include="ParticleEmitter.cpp">
      <Filter>Source Files</Filter>
    </ClCompile>
    <ClCompile Include="SimpleShader.cpp">
      <Filter>Source Files</Filter>
    </ClCompile>
    <ClCompile Include="StateManager.cpp">
      <Filter>Source Files</Filter>
    </ClCompile>
    <ClCompile Include="Texture2D.cpp">
      <Filter>Source Files</Filter>
    </ClCompile>
    <ClCompile Include="Transform.cpp">
      <Filter>Source Files</Filter>
    </ClCompile>
    <ClCompile Include="LightRenderer.cpp">
      <Filter>Renderers</Filter>
    </ClCompile>
    <ClCompile Include="PointLight.cpp">
      <Filter>Renderers\Lights</Filter>
    </ClCompile>
    <ClCompile Include="DirectionalLight.cpp">
      <Filter>Renderers\Lights</Filter>
    </ClCompile>
    <ClCompile Include="MaterialEnemy.cpp">
      <Filter>Source Files</Filter>
    </ClCompile>
    <ClCompile Include="UIPanelMenu.cpp">
      <Filter>UI Panels</Filter>
    </ClCompile>
    <ClCompile Include="UIPanelGame.cpp">
      <Filter>UI Panels</Filter>
    </ClCompile>
    <ClCompile Include="MaterialParallax.cpp">
      <Filter>Source Files</Filter>
    </ClCompile>
  </ItemGroup>
  <ItemGroup>
    <ClInclude Include="UIPanel.h">
      <Filter>UI Panels</Filter>
    </ClInclude>
    <ClInclude Include="Entity.h">
      <Filter>Entities</Filter>
    </ClInclude>
    <ClInclude Include="EntityEnemy.h">
      <Filter>Entities</Filter>
    </ClInclude>
    <ClInclude Include="EntityFactory.h">
      <Filter>Entities</Filter>
    </ClInclude>
    <ClInclude Include="EntityManagerProjectile.h">
      <Filter>Entities</Filter>
    </ClInclude>
    <ClInclude Include="EntityPlayer.h">
      <Filter>Entities</Filter>
    </ClInclude>
    <ClInclude Include="EntityProjectile.h">
      <Filter>Entities</Filter>
    </ClInclude>
    <ClInclude Include="EntityStatic.h">
      <Filter>Entities</Filter>
    </ClInclude>
    <ClInclude Include="Scene.h">
      <Filter>Scenes</Filter>
    </ClInclude>
    <ClInclude Include="SceneGame.h">
      <Filter>Scenes</Filter>
    </ClInclude>
    <ClInclude Include="SceneMenu.h">
      <Filter>Scenes</Filter>
    </ClInclude>
    <ClInclude Include="SkyRenderer.h">
      <Filter>Renderers</Filter>
    </ClInclude>
    <ClInclude Include="Renderer.h">
      <Filter>Renderers</Filter>
    </ClInclude>
    <ClInclude Include="ParticleRenderer.h">
      <Filter>Renderers</Filter>
    </ClInclude>
    <ClInclude Include="Camera.h">
      <Filter>Header Files</Filter>
    </ClInclude>
    <ClInclude Include="CameraDebug.h">
      <Filter>Header Files</Filter>
    </ClInclude>
    <ClInclude Include="CameraGame.h">
      <Filter>Header Files</Filter>
    </ClInclude>
    <ClInclude Include="Collider.h">
      <Filter>Header Files</Filter>
    </ClInclude>
    <ClInclude Include="CollisionManager.h">
      <Filter>Header Files</Filter>
    </ClInclude>
    <ClInclude Include="DXWindow.h">
      <Filter>Header Files</Filter>
    </ClInclude>
    <ClInclude Include="EmitterLayout.h">
      <Filter>Header Files</Filter>
    </ClInclude>
    <ClInclude Include="Game.h">
      <Filter>Header Files</Filter>
    </ClInclude>
    <ClInclude Include="GameState.h">
      <Filter>Header Files</Filter>
    </ClInclude>
    <ClInclude Include="Material.h">
      <Filter>Header Files</Filter>
    </ClInclude>
    <ClInclude Include="MemoryDebug.h">
      <Filter>Header Files</Filter>
    </ClInclude>
    <ClInclude Include="Mesh.h">
      <Filter>Header Files</Filter>
    </ClInclude>
    <ClInclude Include="ParticleEmitter.h">
      <Filter>Header Files</Filter>
    </ClInclude>
    <ClInclude Include="ParticleLayout.h">
      <Filter>Header Files</Filter>
    </ClInclude>
    <ClInclude Include="ShaderConstants.h">
      <Filter>Header Files</Filter>
    </ClInclude>
    <ClInclude Include="ShaderTypes.h">
      <Filter>Header Files</Filter>
    </ClInclude>
    <ClInclude Include="SimpleShader.h">
      <Filter>Header Files</Filter>
    </ClInclude>
    <ClInclude Include="StateManager.h">
      <Filter>Header Files</Filter>
    </ClInclude>
    <ClInclude Include="Transform.h">
      <Filter>Header Files</Filter>
    </ClInclude>
    <ClInclude Include="Vertex.h">
      <Filter>Header Files</Filter>
    </ClInclude>
    <ClInclude Include="Texture2D.h">
      <Filter>Header Files</Filter>
    </ClInclude>
    <ClInclude Include="LightRenderer.h">
      <Filter>Renderers</Filter>
    </ClInclude>
    <ClInclude Include="PointLight.h">
      <Filter>Renderers\Lights</Filter>
    </ClInclude>
    <ClInclude Include="DirectionalLight.h">
      <Filter>Renderers\Lights</Filter>
    </ClInclude>
    <ClInclude Include="DirectionalLightLayout.h">
      <Filter>Renderers\Lights</Filter>
    </ClInclude>
    <ClInclude Include="Lights.h">
      <Filter>Renderers\Lights</Filter>
    </ClInclude>
    <ClInclude Include="PointLightLayout.h">
      <Filter>Renderers\Lights</Filter>
    </ClInclude>
    <ClInclude Include="Light.h">
      <Filter>Renderers\Lights</Filter>
    </ClInclude>
    <ClInclude Include="MaterialEnemy.h">
      <Filter>Header Files</Filter>
    </ClInclude>
    <ClInclude Include="UIPanelMenu.h">
      <Filter>UI Panels</Filter>
    </ClInclude>
    <ClInclude Include="UIPanelGame.h">
      <Filter>UI Panels</Filter>
    </ClInclude>
    <ClInclude Include="MaterialParallax.h">
      <Filter>Header Files</Filter>
    </ClInclude>
  </ItemGroup>
  <ItemGroup>
    <Image Include="Assets\Textures\starscape.dds">
      <Filter>Resource Files</Filter>
    </Image>
    <Image Include="Assets\Textures\SunnyCubeMap.dds">
      <Filter>Resource Files</Filter>
    </Image>
  </ItemGroup>
  <ItemGroup>
    <None Include="packages.config" />
    <None Include="Vertex.hlsli">
      <Filter>Shaders</Filter>
    </None>
  </ItemGroup>
  <ItemGroup>
    <Filter Include="Source Files">
      <UniqueIdentifier>{98760ad2-37ae-4851-b68d-c5a6f2348a4e}</UniqueIdentifier>
    </Filter>
    <Filter Include="Header Files">
      <UniqueIdentifier>{6a50047e-0a48-4e8a-8f9b-3227d93b01f2}</UniqueIdentifier>
    </Filter>
    <Filter Include="Resource Files">
      <UniqueIdentifier>{cdd116b7-4764-461b-ac59-689ad2b31091}</UniqueIdentifier>
    </Filter>
    <Filter Include="Shaders">
      <UniqueIdentifier>{eccbdaaa-51fc-4099-a440-19c4d91f6ba7}</UniqueIdentifier>
    </Filter>
    <Filter Include="Entities">
      <UniqueIdentifier>{ab06303f-6f85-4428-8062-daaf5ef64b15}</UniqueIdentifier>
    </Filter>
    <Filter Include="Scenes">
      <UniqueIdentifier>{b866ed10-ec17-4ddc-a0a9-4dbf90b3d768}</UniqueIdentifier>
    </Filter>
    <Filter Include="UI Panels">
      <UniqueIdentifier>{a1f6271b-6793-4912-ba41-cd421b4ae76b}</UniqueIdentifier>
    </Filter>
    <Filter Include="Renderers">
      <UniqueIdentifier>{9e19c71e-56fe-491f-9e55-5c151de88114}</UniqueIdentifier>
    </Filter>
    <Filter Include="Renderers\Lights">
      <UniqueIdentifier>{e7df07a0-4c1e-4238-a763-74d77328fda3}</UniqueIdentifier>
    </Filter>
  </ItemGroup>
</Project>